<Solution>
  <Folder Name="/src/">
    <Project Path="src/JobLens.Application/JobLens.Application.csproj" />
    <Project Path="src/JobLens.Domain/JobLens.Domain.csproj" />
    <Project Path="src/JobLens.Infrastructure/JobLens.Infrastructure.csproj" />
    <Project Path="src/JobLens.Web/JobLens.Web.csproj" />
  </Folder>
  <Folder Name="/tests/">
    <Project Path="tests/JobLens.Application.Tests/JobLens.Application.Tests.csproj" />
    <Project Path="tests/JobLens.Infrastructure.Tests/JobLens.Infrastructure.Tests.csproj" />
  </Folder>
</Solution>
